
Microsoft Visual Studio Solution File, Format Version 12.00
# Visual Studio Version 16
VisualStudioVersion = 16.0.31624.102
MinimumVisualStudioVersion = 10.0.40219.1
Project("{FAE04EC0-301F-11D3-BF4B-00C04F79EFBC}") = "RepoFullDownloader-Core", "RepoFullDownloader-Core\RepoFullDownloader-Core.csproj", "{4D7C6802-51D8-4B01-8DA5-BA1CA9188806}"
EndProject
Global
	GlobalSection(SolutionConfigurationPlatforms) = preSolution
		Debug|Any CPU = Debug|Any CPU
		Release|Any CPU = Release|Any CPU
	EndGlobalSection
	GlobalSection(ProjectConfigurationPlatforms) = postSolution
		{4D7C6802-51D8-4B01-8DA5-BA1CA9188806}.Debug|Any CPU.ActiveCfg = Debug|Any CPU
		{4D7C6802-51D8-4B01-8DA5-BA1CA9188806}.Debug|Any CPU.Build.0 = Debug|Any CPU
		{4D7C6802-51D8-4B01-8DA5-BA1CA9188806}.Release|Any CPU.ActiveCfg = Release|Any CPU
		{4D7C6802-51D8-4B01-8DA5-BA1CA9188806}.Release|Any CPU.Build.0 = Release|Any CPU
	EndGlobalSection
	GlobalSection(SolutionProperties) = preSolution
		HideSolutionNode = FALSE
	EndGlobalSection
	GlobalSection(ExtensibilityGlobals) = postSolution
		SolutionGuid = {FB360ADE-CE68-42BA-A694-42171FB3A08B}
	EndGlobalSection
EndGlobal
